
Microsoft Visual Studio Solution File, Format Version 12.00
# Visual Studio Version 17
VisualStudioVersion = 17.5.002.0
MinimumVisualStudioVersion = 10.0.40219.1
Project("{9A19103F-16F7-4668-BE54-9A1E7A4F7556}") = "WebApplication3", "WebApplication3.csproj", "{EDABC3EA-F7D1-4B76-9C5B-87F03304D039}"
EndProject
Global
	GlobalSection(SolutionConfigurationPlatforms) = preSolution
		Debug|Any CPU = Debug|Any CPU
		Release|Any CPU = Release|Any CPU
	EndGlobalSection
	GlobalSection(ProjectConfigurationPlatforms) = postSolution
		{EDABC3EA-F7D1-4B76-9C5B-87F03304D039}.Debug|Any CPU.ActiveCfg = Debug|Any CPU
		{EDABC3EA-F7D1-4B76-9C5B-87F03304D039}.Debug|Any CPU.Build.0 = Debug|Any CPU
		{EDABC3EA-F7D1-4B76-9C5B-87F03304D039}.Release|Any CPU.ActiveCfg = Release|Any CPU
		{EDABC3EA-F7D1-4B76-9C5B-87F03304D039}.Release|Any CPU.Build.0 = Release|Any CPU
	EndGlobalSection
	GlobalSection(SolutionProperties) = preSolution
		HideSolutionNode = FALSE
	EndGlobalSection
	GlobalSection(ExtensibilityGlobals) = postSolution
		SolutionGuid = {9FD00C4F-3DFF-4C61-82EB-4F27DF28282D}
	EndGlobalSection
EndGlobal
